{
  "requires": true,
  "lockfileVersion": 1,
  "dependencies": {
    "execution-time": {
      "version": "1.3.0",
      "resolved": "https://registry.npmjs.org/execution-time/-/execution-time-1.3.0.tgz",
      "integrity": "sha512-r0cFNI/v6XMK7sipeJ23DwL2EvRro8T8JaVAAn+LbvctYTQ/gBhbTw/6FnC8pBXMgcvJ4Q8o3hNlAzUgE2R0yg==",
      "requires": {
        "pretty-hrtime": "^1.0.3"
      }
    },
    "pretty-hrtime": {
      "version": "1.0.3",
      "resolved": "https://registry.npmjs.org/pretty-hrtime/-/pretty-hrtime-1.0.3.tgz",
      "integrity": "sha1-t+PqQkNaTJsnWdmeDyAesZWALuE="
    },
    "readline-sync": {
      "version": "1.4.10",
      "resolved": "https://registry.npmjs.org/readline-sync/-/readline-sync-1.4.10.tgz",
      "integrity": "sha512-gNva8/6UAe8QYepIQH/jQ2qn91Qj0B9sYjMBBs3QOB8F2CXcKgLxQaJRP76sWVRQt+QU+8fAkCbCvjjMFu7Ycw=="
    }
  }
}
